{
  "name": "unsloth-oxc-validator-runtime",
  "version": "0.0.1",
  "lockfileVersion": 3,
  "requires": true,
  "packages": {
    "": {
      "name": "unsloth-oxc-validator-runtime",
      "version": "0.0.1",
      "dependencies": {
        "oxc-parser": "^0.123.0",
        "oxlint": "^1.51.0"
      }
    },
    "node_modules/@emnapi/core": {
      "version": "1.10.0",
      "resolved": "https://registry.npmjs.org/@emnapi/core/-/core-1.10.0.tgz",
      "integrity": "sha512-yq6OkJ4p82CAfPl0u9mQebQHKPJkY7WrIuk205cTYnYe+k2Z8YBh11FrbRG/H6ihirqcacOgl2BIO8oyMQLeXw==",
      "license": "MIT",
      "optional": true,
      "peer": true,
      "dependencies": {
        "@emnapi/wasi-threads": "1.2.1",
        "tslib": "^2.4.0"
      }
    },
    "node_modules/@emnapi/runtime": {
      "version": "1.10.0",
      "resolved": "https://registry.npmjs.org/@emnapi/runtime/-/runtime-1.10.0.tgz",
      "integrity": "sha512-ewvYlk86xUoGI0zQRNq/mC+16R1QeDlKQy21Ki3oSYXNgLb45GV1P6A0M+/s6nyCuNDqe5VpaY84BzXGwVbwFA==",
      "license": "MIT",
      "optional": true,
      "peer": true,
      "dependencies": {
        "tslib": "^2.4.0"
      }
    },
    "node_modules/@emnapi/wasi-threads": {
      "version": "1.2.1",
      "resolved": "https://registry.npmjs.org/@emnapi/wasi-threads/-/wasi-threads-1.2.1.tgz",
      "integrity": "sha512-uTII7OYF+/Mes/MrcIOYp5yOtSMLBWSIoLPpcgwipoiKbli6k322tcoFsxoIIxPDqW01SQGAgko4EzZi2BNv2w==",
      "license": "MIT",
      "optional": true,
      "peer": true,
      "dependencies": {
        "tslib": "^2.4.0"
      }
    },
    "node_modules/@napi-rs/wasm-runtime": {
      "version": "1.1.4",
      "resolved": "https://registry.npmjs.org/@napi-rs/wasm-runtime/-/wasm-runtime-1.1.4.tgz",
      "integrity": "sha512-3NQNNgA1YSlJb/kMH1ildASP9HW7/7kYnRI2szWJaofaS1hWmbGI4H+d3+22aGzXXN9IJ+n+GiFVcGipJP18ow==",
      "license": "MIT",
      "optional": true,
      "dependencies": {
        "@tybys/wasm-util": "^0.10.1"
      },
      "funding": {
        "type": "github",
        "url": "https://github.com/sponsors/Brooooooklyn"
      },
      "peerDependencies": {
        "@emnapi/core": "^1.7.1",
        "@emnapi/runtime": "^1.7.1"
      }
    },
    "node_modules/@oxc-parser/binding-android-arm-eabi": {
      "version": "0.123.0",
      "resolved": "https://registry.npmjs.org/@oxc-parser/binding-android-arm-eabi/-/binding-android-arm-eabi-0.123.0.tgz",
      "integrity": "sha512-EHQ58z+6DbZWokMOKg5AB1KuwrXVgfbBLuuLFfzdc7bI5A4igvdvjKMhUv1VBV+0FABiUCOjNKUmMF7ugprwbQ==",
      "cpu": [
        "arm"
      ],
      "license": "MIT",
      "optional": true,
      "os": [
        "android"
      ],
      "engines": {
        "node": "^20.19.0 || >=22.12.0"
      }
    },
    "node_modules/@oxc-parser/binding-android-arm64": {
      "version": "0.123.0",
      "resolved": "https://registry.npmjs.org/@oxc-parser/binding-android-arm64/-/binding-android-arm64-0.123.0.tgz",
      "integrity": "sha512-BK1E0zqNoHf38nTHjnGZ+olKHSKNHh65pChjY06yhaWYP8X7yNDqhQDA4neMPRqnPBgpN4/OW1oSMrdJgDi2aw==",
      "cpu": [
        "arm64"
      ],
      "license": "MIT",
      "optional": true,
      "os": [
        "android"
      ],
      "engines": {
        "node": "^20.19.0 || >=22.12.0"
      }
    },
    "node_modules/@oxc-parser/binding-darwin-arm64": {
      "version": "0.123.0",
      "resolved": "https://registry.npmjs.org/@oxc-parser/binding-darwin-arm64/-/binding-darwin-arm64-0.123.0.tgz",
      "integrity": "sha512-dkMPbtTbqU+cm+k4YGOBs4zAuq3Xu+wqjbGQvLAuVO7qHhNY4p5LBNudOmOoi0jxS8h1W6Jmlzv8MAKGpK+iDg==",
      "cpu": [
        "arm64"
      ],
      "license": "MIT",
      "optional": true,
      "os": [
        "darwin"
      ],
      "engines": {
        "node": "^20.19.0 || >=22.12.0"
      }
    },
    "node_modules/@oxc-parser/binding-darwin-x64": {
      "version": "0.123.0",
      "resolved": "https://registry.npmjs.org/@oxc-parser/binding-darwin-x64/-/binding-darwin-x64-0.123.0.tgz",
      "integrity": "sha512-85pic0rCd59DGdM69jI9xE/Snb2KtrfiU48QigjJXjzxUOenGvH4SAFIjFpO/2ZnI3Kz50D8pht4jKN3t2022Q==",
      "cpu": [
        "x64"
      ],
      "license": "MIT",
      "optional": true,
      "os": [
        "darwin"
      ],
      "engines": {
        "node": "^20.19.0 || >=22.12.0"
      }
    },
    "node_modules/@oxc-parser/binding-freebsd-x64": {
      "version": "0.123.0",
      "resolved": "https://registry.npmjs.org/@oxc-parser/binding-freebsd-x64/-/binding-freebsd-x64-0.123.0.tgz",
      "integrity": "sha512-mjEiW6z7JtaiHMK/8aJic1lfjkKpzFwK2XFNmm187BFbtDamjGVuKNr2TEyrFEYJyZc217wokR1wrYeZGBQo4Q==",
      "cpu": [
        "x64"
      ],
      "license": "MIT",
      "optional": true,
      "os": [
        "freebsd"
      ],
      "engines": {
        "node": "^20.19.0 || >=22.12.0"
      }
    },
    "node_modules/@oxc-parser/binding-linux-arm-gnueabihf": {
      "version": "0.123.0",
      "resolved": "https://registry.npmjs.org/@oxc-parser/binding-linux-arm-gnueabihf/-/binding-linux-arm-gnueabihf-0.123.0.tgz",
      "integrity": "sha512-mYxigPtGt6SZfhNZBIJfuDM92cLo8XUW08WuKxzHvcmWu6xndLqwLp99Vg4uHke1AXicQEHU3Wri2X9bHF0Vlw==",
      "cpu": [
        "arm"
      ],
      "license": "MIT",
      "optional": true,
      "os": [
        "linux"
      ],
      "engines": {
        "node": "^20.19.0 || >=22.12.0"
      }
    },
    "node_modules/@oxc-parser/binding-linux-arm-musleabihf": {
      "version": "0.123.0",
      "resolved": "https://registry.npmjs.org/@oxc-parser/binding-linux-arm-musleabihf/-/binding-linux-arm-musleabihf-0.123.0.tgz",
      "integrity": "sha512-ttWirDC9eUBn0R4Tzz3aeDaLrx9drPdNiLJ8MXeDBFxd6cwLfTIC27qjsdfGpn942tkVIZY3sjWAnvbwDDjX7g==",
      "cpu": [
        "arm"
      ],
      "license": "MIT",
      "optional": true,
      "os": [
        "linux"
      ],
      "engines": {
        "node": "^20.19.0 || >=22.12.0"
      }
    },
    "node_modules/@oxc-parser/binding-linux-arm64-gnu": {
      "version": "0.123.0",
      "resolved": "https://registry.npmjs.org/@oxc-parser/binding-linux-arm64-gnu/-/binding-linux-arm64-gnu-0.123.0.tgz",
      "integrity": "sha512-apAHyoMNRYT+2G98Y14caZmsr5LD9PsWpGI7nXmSwK26LGiQneCU6HvHQ+d+AX+RJ5TTWZtEb2RD7OLqAC0cYQ==",
      "cpu": [
        "arm64"
      ],
      "license": "MIT",
      "optional": true,
      "os": [
        "linux"
      ],
      "engines": {
        "node": "^20.19.0 || >=22.12.0"
      }
    },
    "node_modules/@oxc-parser/binding-linux-arm64-musl": {
      "version": "0.123.0",
      "resolved": "https://registry.npmjs.org/@oxc-parser/binding-linux-arm64-musl/-/binding-linux-arm64-musl-0.123.0.tgz",
      "integrity": "sha512-3r99Qa4egjO/iXUBxTlN6Ddt1YkLifG6olzvj8gkoKEK2U/MOW7mQfXRyBmuoMgmZ7O4vk41gO3d21c6VcN3yQ==",
      "cpu": [
        "arm64"
      ],
      "license": "MIT",
      "optional": true,
      "os": [
        "linux"
      ],
      "engines": {
        "node": "^20.19.0 || >=22.12.0"
      }
    },
    "node_modules/@oxc-parser/binding-linux-ppc64-gnu": {
      "version": "0.123.0",
      "resolved": "https://registry.npmjs.org/@oxc-parser/binding-linux-ppc64-gnu/-/binding-linux-ppc64-gnu-0.123.0.tgz",
      "integrity": "sha512-Hr/Z24kUE4pjJs346g80WDwjyJGrxiw6hExJuOiME/76ZFz68y5L11UzprRkW9FN4HxBB7tLZ/fytczV2fEsiA==",
      "cpu": [
        "ppc64"
      ],
      "license": "MIT",
      "optional": true,
      "os": [
        "linux"
      ],
      "engines": {
        "node": "^20.19.0 || >=22.12.0"
      }
    },
    "node_modules/@oxc-parser/binding-linux-riscv64-gnu": {
      "version": "0.123.0",
      "resolved": "https://registry.npmjs.org/@oxc-parser/binding-linux-riscv64-gnu/-/binding-linux-riscv64-gnu-0.123.0.tgz",
      "integrity": "sha512-sxjbhs+8WXeuoLnZ2rBmQ96gPdq3SCmz24reIltsKLUt1EDMgdaQsr7RqwBphw3QAImkMtlPQfAWDWwZyo0xDg==",
      "cpu": [
        "riscv64"
      ],
      "license": "MIT",
      "optional": true,
      "os": [
        "linux"
      ],
      "engines": {
        "node": "^20.19.0 || >=22.12.0"
      }
    },
    "node_modules/@oxc-parser/binding-linux-riscv64-musl": {
      "version": "0.123.0",
      "resolved": "https://registry.npmjs.org/@oxc-parser/binding-linux-riscv64-musl/-/binding-linux-riscv64-musl-0.123.0.tgz",
      "integrity": "sha512-d6xHHhqldA/W+VC7v8uHs24zM69Ad3HnHQ45h+uuBhCsbZx3d0E0wL2K3uJ5mYKTR6UPMFk9VMXcHWwvg1PRZQ==",
      "cpu": [
        "riscv64"
      ],
      "license": "MIT",
      "optional": true,
      "os": [
        "linux"
      ],
      "engines": {
        "node": "^20.19.0 || >=22.12.0"
      }
    },
    "node_modules/@oxc-parser/binding-linux-s390x-gnu": {
      "version": "0.123.0",
      "resolved": "https://registry.npmjs.org/@oxc-parser/binding-linux-s390x-gnu/-/binding-linux-s390x-gnu-0.123.0.tgz",
      "integrity": "sha512-+di9A5wJQlv0VodyhADjJ2rC4geyHY+uhJDl3TFjMgYhhlgLZchi9uHD5mfiUEDWHt1x7/eU2u1ge3LLazZmFw==",
      "cpu": [
        "s390x"
      ],
      "license": "MIT",
      "optional": true,
      "os": [
        "linux"
      ],
      "engines": {
        "node": "^20.19.0 || >=22.12.0"
      }
    },
    "node_modules/@oxc-parser/binding-linux-x64-gnu": {
      "version": "0.123.0",
      "resolved": "https://registry.npmjs.org/@oxc-parser/binding-linux-x64-gnu/-/binding-linux-x64-gnu-0.123.0.tgz",
      "integrity": "sha512-sh7pw2g/u6LE1TaRRQsV9Kv9+1y+CywaaNwWWP+3bnEPk/L692oTG0hmEviUlawI8v3OGC+AhbjtAD+HXWQAkg==",
      "cpu": [
        "x64"
      ],
      "license": "MIT",
      "optional": true,
      "os": [
        "linux"
      ],
      "engines": {
        "node": "^20.19.0 || >=22.12.0"
      }
    },
    "node_modules/@oxc-parser/binding-linux-x64-musl": {
      "version": "0.123.0",
      "resolved": "https://registry.npmjs.org/@oxc-parser/binding-linux-x64-musl/-/binding-linux-x64-musl-0.123.0.tgz",
      "integrity": "sha512-S+LoD8PiJ639JwIqK1knIeqAyYkeCbLHtAgfapszKX0yVCaYP+aer8dJxL25de9qcDjvYWVrYCkuDZzHmOl2Xw==",
      "cpu": [
        "x64"
      ],
      "license": "MIT",
      "optional": true,
      "os": [
        "linux"
      ],
      "engines": {
        "node": "^20.19.0 || >=22.12.0"
      }
    },
    "node_modules/@oxc-parser/binding-openharmony-arm64": {
      "version": "0.123.0",
      "resolved": "https://registry.npmjs.org/@oxc-parser/binding-openharmony-arm64/-/binding-openharmony-arm64-0.123.0.tgz",
      "integrity": "sha512-/65vryK11q1I+k+7ukDlwZOxUFCLYsoZBZPGZHyet5bIP5e3D8mV3uCuvpWZ9Hoe6vUZFw/nAfCrX59MeuJPgw==",
      "cpu": [
        "arm64"
      ],
      "license": "MIT",
      "optional": true,
      "os": [
        "openharmony"
      ],
      "engines": {
        "node": "^20.19.0 || >=22.12.0"
      }
    },
    "node_modules/@oxc-parser/binding-wasm32-wasi": {
      "version": "0.123.0",
      "resolved": "https://registry.npmjs.org/@oxc-parser/binding-wasm32-wasi/-/binding-wasm32-wasi-0.123.0.tgz",
      "integrity": "sha512-y4OsMGQiAbZzj2Rq0LEfvhR48rQDvbvqsl/dPdn4tdf+z3H79nZuR+lQ/+KUGjD30vpVGem138sBWHFj9UR+Vg==",
      "cpu": [
        "wasm32"
      ],
      "license": "MIT",
      "optional": true,
      "dependencies": {
        "@napi-rs/wasm-runtime": "^1.1.2"
      },
      "engines": {
        "node": ">=14.0.0"
      }
    },
    "node_modules/@oxc-parser/binding-win32-arm64-msvc": {
      "version": "0.123.0",
      "resolved": "https://registry.npmjs.org/@oxc-parser/binding-win32-arm64-msvc/-/binding-win32-arm64-msvc-0.123.0.tgz",
      "integrity": "sha512-9lBqI6AXAkjYavkdpizNU3Q51uoVYfp9FJPx19hnCEdPku1jSgzSnvgmCvhCue0GziIvIvIdWgZ41wXQ3EOoBw==",
      "cpu": [
        "arm64"
      ],
      "license": "MIT",
      "optional": true,
      "os": [
        "win32"
      ],
      "engines": {
        "node": "^20.19.0 || >=22.12.0"
      }
    },
    "node_modules/@oxc-parser/binding-win32-ia32-msvc": {
      "version": "0.123.0",
      "resolved": "https://registry.npmjs.org/@oxc-parser/binding-win32-ia32-msvc/-/binding-win32-ia32-msvc-0.123.0.tgz",
      "integrity": "sha512-zJbqBHwSUB7CyvAONy9ewGtQwcQj+ylOhYGETvUPp3KIYx7lolj4Gayof7iA22SU5eMSjO5COL0c8wYhmn9agA==",
      "cpu": [
        "ia32"
      ],
      "license": "MIT",
      "optional": true,
      "os": [
        "win32"
      ],
      "engines": {
        "node": "^20.19.0 || >=22.12.0"
      }
    },
    "node_modules/@oxc-parser/binding-win32-x64-msvc": {
      "version": "0.123.0",
      "resolved": "https://registry.npmjs.org/@oxc-parser/binding-win32-x64-msvc/-/binding-win32-x64-msvc-0.123.0.tgz",
      "integrity": "sha512-q7RZvglQvGo3RX5ljtcGSabu2B2c0oDU/6xC3sBMhsV5KRo0PvyxLdordbEN31NTfuZu4Sgl86C76cAURZIHWA==",
      "cpu": [
        "x64"
      ],
      "license": "MIT",
      "optional": true,
      "os": [
        "win32"
      ],
      "engines": {
        "node": "^20.19.0 || >=22.12.0"
      }
    },
    "node_modules/@oxc-project/types": {
      "version": "0.123.0",
      "resolved": "https://registry.npmjs.org/@oxc-project/types/-/types-0.123.0.tgz",
      "integrity": "sha512-YtECP/y8Mj1lSHiUWGSRzy/C6teUKlS87dEfuVKT09LgQbUsBW1rNg+MiJ4buGu3yuADV60gbIvo9/HplA56Ew==",
      "license": "MIT",
      "funding": {
        "url": "https://github.com/sponsors/Boshen"
      }
    },
    "node_modules/@oxlint/binding-android-arm-eabi": {
      "version": "1.64.0",
      "resolved": "https://registry.npmjs.org/@oxlint/binding-android-arm-eabi/-/binding-android-arm-eabi-1.64.0.tgz",
      "integrity": "sha512-2r6Nq3XXGLHEXKkSj8JtmJ6N4gDw431DPFOg0ZoJHlNjnG6HVMm/ksQ10m0HJ8WBvwgMe1L50UHPaYZutCRPCw==",
      "cpu": [
        "arm"
      ],
      "license": "MIT",
      "optional": true,
      "os": [
        "android"
      ],
      "engines": {
        "node": "^20.19.0 || >=22.12.0"
      }
    },
    "node_modules/@oxlint/binding-android-arm64": {
      "version": "1.64.0",
      "resolved": "https://registry.npmjs.org/@oxlint/binding-android-arm64/-/binding-android-arm64-1.64.0.tgz",
      "integrity": "sha512-ePJMpePgg7fBv+L/hVx1xXRU5/5gd5m0obLA6hPEfLXF3GjpR8idIDbY1dhQYhyz1ms2wdTccSboo6KEd2Oxtg==",
      "cpu": [
        "arm64"
      ],
      "license": "MIT",
      "optional": true,
      "os": [
        "android"
      ],
      "engines": {
        "node": "^20.19.0 || >=22.12.0"
      }
    },
    "node_modules/@oxlint/binding-darwin-arm64": {
      "version": "1.64.0",
      "resolved": "https://registry.npmjs.org/@oxlint/binding-darwin-arm64/-/binding-darwin-arm64-1.64.0.tgz",
      "integrity": "sha512-U4DMLQd10gJLuoSTLSGbfv3bGjTlUNsScm9Dgb8wwBqmCzidf1pE1pXV4doGNxqwH3KtVng1AGTINA0NvkGLvQ==",
      "cpu": [
        "arm64"
      ],
      "license": "MIT",
      "optional": true,
      "os": [
        "darwin"
      ],
      "engines": {
        "node": "^20.19.0 || >=22.12.0"
      }
    },
    "node_modules/@oxlint/binding-darwin-x64": {
      "version": "1.64.0",
      "resolved": "https://registry.npmjs.org/@oxlint/binding-darwin-x64/-/binding-darwin-x64-1.64.0.tgz",
      "integrity": "sha512-GoRIL48QWm4/TAvjN8pB1nAG+1/uqc9EdnWT9zqHeb6wsmjZtywj8VRe5aGW47Fdb64YtLOsdLqVxOvQuz98Wg==",
      "cpu": [
        "x64"
      ],
      "license": "MIT",
      "optional": true,
      "os": [
        "darwin"
      ],
      "engines": {
        "node": "^20.19.0 || >=22.12.0"
      }
    },
    "node_modules/@oxlint/binding-freebsd-x64": {
      "version": "1.64.0",
      "resolved": "https://registry.npmjs.org/@oxlint/binding-freebsd-x64/-/binding-freebsd-x64-1.64.0.tgz",
      "integrity": "sha512-5dFkv4tkg7PxJJGS9/OjrJwjhuHczrd3OQOkRE0wHcLM+ncUnULtzEPWjqGOxTXxZnLWcB91bGiIznx89TVXyQ==",
      "cpu": [
        "x64"
      ],
      "license": "MIT",
      "optional": true,
      "os": [
        "freebsd"
      ],
      "engines": {
        "node": "^20.19.0 || >=22.12.0"
      }
    },
    "node_modules/@oxlint/binding-linux-arm-gnueabihf": {
      "version": "1.64.0",
      "resolved": "https://registry.npmjs.org/@oxlint/binding-linux-arm-gnueabihf/-/binding-linux-arm-gnueabihf-1.64.0.tgz",
      "integrity": "sha512-jsBqMLl/uOL5+Kq/+BtK9FrmiNGUbx8SiyZXv+WlUxA45KuwcLu9BfiSIL3I3DBDgWM3yZizDITnTK9BcqNBQg==",
      "cpu": [
        "arm"
      ],
      "license": "MIT",
      "optional": true,
      "os": [
        "linux"
      ],
      "engines": {
        "node": "^20.19.0 || >=22.12.0"
      }
    },
    "node_modules/@oxlint/binding-linux-arm-musleabihf": {
      "version": "1.64.0",
      "resolved": "https://registry.npmjs.org/@oxlint/binding-linux-arm-musleabihf/-/binding-linux-arm-musleabihf-1.64.0.tgz",
      "integrity": "sha512-1lrj8At/Uuc9GhjrVFBQo0NEjfBrTkzpmtHIGAhNnIXqn1CAyGL+qrztUsXb2GIluJrpl9Q7qRLJOb/NqydacQ==",
      "cpu": [
        "arm"
      ],
      "license": "MIT",
      "optional": true,
      "os": [
        "linux"
      ],
      "engines": {
        "node": "^20.19.0 || >=22.12.0"
      }
    },
    "node_modules/@oxlint/binding-linux-arm64-gnu": {
      "version": "1.64.0",
      "resolved": "https://registry.npmjs.org/@oxlint/binding-linux-arm64-gnu/-/binding-linux-arm64-gnu-1.64.0.tgz",
      "integrity": "sha512-HpSQbubwh03mMhAdy2BYtad/fsY8vDFHDAb6bUwuCYg2VD3xCQgn6ArKcO0oZyLCheacKTv4PrF3Mfu5hgoE2g==",
      "cpu": [
        "arm64"
      ],
      "license": "MIT",
      "optional": true,
      "os": [
        "linux"
      ],
      "engines": {
        "node": "^20.19.0 || >=22.12.0"
      }
    },
    "node_modules/@oxlint/binding-linux-arm64-musl": {
      "version": "1.64.0",
      "resolved": "https://registry.npmjs.org/@oxlint/binding-linux-arm64-musl/-/binding-linux-arm64-musl-1.64.0.tgz",
      "integrity": "sha512-00QQ0h0Y7u0G69BgiH3+ky2aaq/QvkDL6DYok8htIuJHxybiux5aQ8jwmg8qIk9wha6UagUP2BAwAzbemcJbpg==",
      "cpu": [
        "arm64"
      ],
      "license": "MIT",
      "optional": true,
      "os": [
        "linux"
      ],
      "engines": {
        "node": "^20.19.0 || >=22.12.0"
      }
    },
    "node_modules/@oxlint/binding-linux-ppc64-gnu": {
      "version": "1.64.0",
      "resolved": "https://registry.npmjs.org/@oxlint/binding-linux-ppc64-gnu/-/binding-linux-ppc64-gnu-1.64.0.tgz",
      "integrity": "sha512-2GaimTV6EMW+s5HS0An3oGbQme3BgHswvfVdGk3EB57Xe9+/gyT+Qd7lNVzb3rtir52vbIPzXfaYArzs5b5zcw==",
      "cpu": [
        "ppc64"
      ],
      "license": "MIT",
      "optional": true,
      "os": [
        "linux"
      ],
      "engines": {
        "node": "^20.19.0 || >=22.12.0"
      }
    },
    "node_modules/@oxlint/binding-linux-riscv64-gnu": {
      "version": "1.64.0",
      "resolved": "https://registry.npmjs.org/@oxlint/binding-linux-riscv64-gnu/-/binding-linux-riscv64-gnu-1.64.0.tgz",
      "integrity": "sha512-H46AtFb9wypjoVwGdlxrm0DsD809NGmtiK9HiyPKTxkSte2YjhC4S+00rOIrwCaxcyPiGid3Y3OMXp5KMAkGZw==",
      "cpu": [
        "riscv64"
      ],
      "license": "MIT",
      "optional": true,
      "os": [
        "linux"
      ],
      "engines": {
        "node": "^20.19.0 || >=22.12.0"
      }
    },
    "node_modules/@oxlint/binding-linux-riscv64-musl": {
      "version": "1.64.0",
      "resolved": "https://registry.npmjs.org/@oxlint/binding-linux-riscv64-musl/-/binding-linux-riscv64-musl-1.64.0.tgz",
      "integrity": "sha512-HEgsidjjvvyzdg82icYkuFCf7REDV7B9JFwbIMbVwrKLBY0MrXX+bku3POn/hduZ2yW91IyVDUMq0Bf02KwXQw==",
      "cpu": [
        "riscv64"
      ],
      "license": "MIT",
      "optional": true,
      "os": [
        "linux"
      ],
      "engines": {
        "node": "^20.19.0 || >=22.12.0"
      }
    },
    "node_modules/@oxlint/binding-linux-s390x-gnu": {
      "version": "1.64.0",
      "resolved": "https://registry.npmjs.org/@oxlint/binding-linux-s390x-gnu/-/binding-linux-s390x-gnu-1.64.0.tgz",
      "integrity": "sha512-Axvm8qryotmKN00P5w4JapaSjvP2LOSbdbBJiX+2SuHd3QzhW7TUc8skqgw+ahQZ5DmzEYeHCqauvW8f32Ns6Q==",
      "cpu": [
        "s390x"
      ],
      "license": "MIT",
      "optional": true,
      "os": [
        "linux"
      ],
      "engines": {
        "node": "^20.19.0 || >=22.12.0"
      }
    },
    "node_modules/@oxlint/binding-linux-x64-gnu": {
      "version": "1.64.0",
      "resolved": "https://registry.npmjs.org/@oxlint/binding-linux-x64-gnu/-/binding-linux-x64-gnu-1.64.0.tgz",
      "integrity": "sha512-cR60vSd7+m+KRZ3GQGfDxWwahW5RMXg0qlGvAluZr0fTUYvw0H9N9AXAF/M/PMqgytyqvVNmBAkJG9l7U30Y1g==",
      "cpu": [
        "x64"
      ],
      "license": "MIT",
      "optional": true,
      "os": [
        "linux"
      ],
      "engines": {
        "node": "^20.19.0 || >=22.12.0"
      }
    },
    "node_modules/@oxlint/binding-linux-x64-musl": {
      "version": "1.64.0",
      "resolved": "https://registry.npmjs.org/@oxlint/binding-linux-x64-musl/-/binding-linux-x64-musl-1.64.0.tgz",
      "integrity": "sha512-2u/aPZ9pEg7HnvZPDsHxUGNnrpr4qaHi+mCgLgpt+LYRzPrS4Px4wPfkIdRdr2GvKnaYyt+XSlto0Vm5sbStTg==",
      "cpu": [
        "x64"
      ],
      "license": "MIT",
      "optional": true,
      "os": [
        "linux"
      ],
      "engines": {
        "node": "^20.19.0 || >=22.12.0"
      }
    },
    "node_modules/@oxlint/binding-openharmony-arm64": {
      "version": "1.64.0",
      "resolved": "https://registry.npmjs.org/@oxlint/binding-openharmony-arm64/-/binding-openharmony-arm64-1.64.0.tgz",
      "integrity": "sha512-kfhkGfCdoXLSxEkrhDlJrvBYajGmq+ma4EMc53dsOWTq+rIBOlI0vTBmpZNnM5oH2LY/K/w1HAK+UQEgjgpVUg==",
      "cpu": [
        "arm64"
      ],
      "license": "MIT",
      "optional": true,
      "os": [
        "openharmony"
      ],
      "engines": {
        "node": "^20.19.0 || >=22.12.0"
      }
    },
    "node_modules/@oxlint/binding-win32-arm64-msvc": {
      "version": "1.64.0",
      "resolved": "https://registry.npmjs.org/@oxlint/binding-win32-arm64-msvc/-/binding-win32-arm64-msvc-1.64.0.tgz",
      "integrity": "sha512-r/cNKBFieONoVu2bb1KkVouq9W+edDUgHumXJGphCRRj+U0xaD4nanrw8ZOqo0IsutPkEM4vCcGBpak6x5aXMg==",
      "cpu": [
        "arm64"
      ],
      "license": "MIT",
      "optional": true,
      "os": [
        "win32"
      ],
      "engines": {
        "node": "^20.19.0 || >=22.12.0"
      }
    },
    "node_modules/@oxlint/binding-win32-ia32-msvc": {
      "version": "1.64.0",
      "resolved": "https://registry.npmjs.org/@oxlint/binding-win32-ia32-msvc/-/binding-win32-ia32-msvc-1.64.0.tgz",
      "integrity": "sha512-tUw0xUUwEFVZbpJoeCblkv8SJA4Xz3CdXCJbAnBsiNLyxDrk2tLcxEAS6M73Q7hHHDg3OtwI8vZVK3t5RJt4Gw==",
      "cpu": [
        "ia32"
      ],
      "license": "MIT",
      "optional": true,
      "os": [
        "win32"
      ],
      "engines": {
        "node": "^20.19.0 || >=22.12.0"
      }
    },
    "node_modules/@oxlint/binding-win32-x64-msvc": {
      "version": "1.64.0",
      "resolved": "https://registry.npmjs.org/@oxlint/binding-win32-x64-msvc/-/binding-win32-x64-msvc-1.64.0.tgz",
      "integrity": "sha512-9CBR+LO0JVST87fNTzzNxS5I29jIUO5gxT9i9+M3SDHHALElj9sY1Prf12tad3vIRC6OD7Ehtvvh+sn13vSwHw==",
      "cpu": [
        "x64"
      ],
      "license": "MIT",
      "optional": true,
      "os": [
        "win32"
      ],
      "engines": {
        "node": "^20.19.0 || >=22.12.0"
      }
    },
    "node_modules/@tybys/wasm-util": {
      "version": "0.10.2",
      "resolved": "https://registry.npmjs.org/@tybys/wasm-util/-/wasm-util-0.10.2.tgz",
      "integrity": "sha512-RoBvJ2X0wuKlWFIjrwffGw1IqZHKQqzIchKaadZZfnNpsAYp2mM0h36JtPCjNDAHGgYez/15uMBpfGwchhiMgg==",
      "license": "MIT",
      "optional": true,
      "dependencies": {
        "tslib": "^2.4.0"
      }
    },
    "node_modules/oxc-parser": {
      "version": "0.123.0",
      "resolved": "https://registry.npmjs.org/oxc-parser/-/oxc-parser-0.123.0.tgz",
      "integrity": "sha512-F6ak0tFc01ZGbl5KxvLDQ2K005Z086mp3ByCQBDhUjqXLkapGUkMuJSsYixncdEpkLlcRDcruHR71LD339ADUA==",
      "license": "MIT",
      "dependencies": {
        "@oxc-project/types": "^0.123.0"
      },
      "engines": {
        "node": "^20.19.0 || >=22.12.0"
      },
      "funding": {
        "url": "https://github.com/sponsors/Boshen"
      },
      "optionalDependencies": {
        "@oxc-parser/binding-android-arm-eabi": "0.123.0",
        "@oxc-parser/binding-android-arm64": "0.123.0",
        "@oxc-parser/binding-darwin-arm64": "0.123.0",
        "@oxc-parser/binding-darwin-x64": "0.123.0",
        "@oxc-parser/binding-freebsd-x64": "0.123.0",
        "@oxc-parser/binding-linux-arm-gnueabihf": "0.123.0",
        "@oxc-parser/binding-linux-arm-musleabihf": "0.123.0",
        "@oxc-parser/binding-linux-arm64-gnu": "0.123.0",
        "@oxc-parser/binding-linux-arm64-musl": "0.123.0",
        "@oxc-parser/binding-linux-ppc64-gnu": "0.123.0",
        "@oxc-parser/binding-linux-riscv64-gnu": "0.123.0",
        "@oxc-parser/binding-linux-riscv64-musl": "0.123.0",
        "@oxc-parser/binding-linux-s390x-gnu": "0.123.0",
        "@oxc-parser/binding-linux-x64-gnu": "0.123.0",
        "@oxc-parser/binding-linux-x64-musl": "0.123.0",
        "@oxc-parser/binding-openharmony-arm64": "0.123.0",
        "@oxc-parser/binding-wasm32-wasi": "0.123.0",
        "@oxc-parser/binding-win32-arm64-msvc": "0.123.0",
        "@oxc-parser/binding-win32-ia32-msvc": "0.123.0",
        "@oxc-parser/binding-win32-x64-msvc": "0.123.0"
      }
    },
    "node_modules/oxlint": {
      "version": "1.64.0",
      "resolved": "https://registry.npmjs.org/oxlint/-/oxlint-1.64.0.tgz",
      "integrity": "sha512-Star3SNpWPeWFPw7kRXIhXUSn6fdiAl25q15CQzH/9WaOtG6e9CWTc25vNZOCr4PE1yEP1GtKJKIKglhj3OmEQ==",
      "license": "MIT",
      "bin": {
        "oxlint": "bin/oxlint"
      },
      "engines": {
        "node": "^20.19.0 || >=22.12.0"
      },
      "funding": {
        "url": "https://github.com/sponsors/Boshen"
      },
      "optionalDependencies": {
        "@oxlint/binding-android-arm-eabi": "1.64.0",
        "@oxlint/binding-android-arm64": "1.64.0",
        "@oxlint/binding-darwin-arm64": "1.64.0",
        "@oxlint/binding-darwin-x64": "1.64.0",
        "@oxlint/binding-freebsd-x64": "1.64.0",
        "@oxlint/binding-linux-arm-gnueabihf": "1.64.0",
        "@oxlint/binding-linux-arm-musleabihf": "1.64.0",
        "@oxlint/binding-linux-arm64-gnu": "1.64.0",
        "@oxlint/binding-linux-arm64-musl": "1.64.0",
        "@oxlint/binding-linux-ppc64-gnu": "1.64.0",
        "@oxlint/binding-linux-riscv64-gnu": "1.64.0",
        "@oxlint/binding-linux-riscv64-musl": "1.64.0",
        "@oxlint/binding-linux-s390x-gnu": "1.64.0",
        "@oxlint/binding-linux-x64-gnu": "1.64.0",
        "@oxlint/binding-linux-x64-musl": "1.64.0",
        "@oxlint/binding-openharmony-arm64": "1.64.0",
        "@oxlint/binding-win32-arm64-msvc": "1.64.0",
        "@oxlint/binding-win32-ia32-msvc": "1.64.0",
        "@oxlint/binding-win32-x64-msvc": "1.64.0"
      },
      "peerDependencies": {
        "oxlint-tsgolint": ">=0.22.1"
      },
      "peerDependenciesMeta": {
        "oxlint-tsgolint": {
          "optional": true
        }
      }
    },
    "node_modules/tslib": {
      "version": "2.8.1",
      "resolved": "https://registry.npmjs.org/tslib/-/tslib-2.8.1.tgz",
      "integrity": "sha512-oJFu94HQb+KVduSUQL7wnpmqnfmLsOA/nAh6b6EH0wCEoK0/mPeXU6c3wKDV83MkOuHPRHtSXKKU99IBazS/2w==",
      "license": "0BSD",
      "optional": true
    }
  }
}
