{
  "name": "unsloth-oxc-validator-runtime",
  "version": "0.0.1",
  "lockfileVersion": 3,
  "requires": true,
  "packages": {
    "": {
      "name": "unsloth-oxc-validator-runtime",
      "version": "0.0.1",
      "dependencies": {
        "oxc-parser": "^0.142.0",
        "oxlint": "^1.76.0"
      }
    },
    "node_modules/@emnapi/core": {
      "version": "1.11.2",
      "resolved": "https://registry.npmjs.org/@emnapi/core/-/core-1.11.2.tgz",
      "integrity": "sha512-TC8MkTuZUtcTSiFeuC0ksCh9QIJ5+F21MvZ4Wn4ORfYaFJ/0dsiudv5tVkejgwZlwQ39jL9WWDe2lz8x0WglOA==",
      "license": "MIT",
      "optional": true,
      "dependencies": {
        "@emnapi/wasi-threads": "1.2.2",
        "tslib": "^2.4.0"
      }
    },
    "node_modules/@emnapi/runtime": {
      "version": "1.11.2",
      "resolved": "https://registry.npmjs.org/@emnapi/runtime/-/runtime-1.11.2.tgz",
      "integrity": "sha512-kyOl3X0DuTiT1h2ft8r2fYO8JYtU9a9Xis/zBSiGArNaagCOWx90N1k2wxp18czFDH+OgcWGb5ZP/XMt3dcyPA==",
      "license": "MIT",
      "optional": true,
      "dependencies": {
        "tslib": "^2.4.0"
      }
    },
    "node_modules/@emnapi/wasi-threads": {
      "version": "1.2.2",
      "resolved": "https://registry.npmjs.org/@emnapi/wasi-threads/-/wasi-threads-1.2.2.tgz",
      "integrity": "sha512-c95qOXkHdydNKhscBTebqEC1CVAZpyqOfVfBzQ1qgzyl3gfeldUjIggDbIZgDKsHLgnsM+igH7TJ/eAasaVuMA==",
      "license": "MIT",
      "optional": true,
      "dependencies": {
        "tslib": "^2.4.0"
      }
    },
    "node_modules/@napi-rs/wasm-runtime": {
      "version": "1.2.2",
      "resolved": "https://registry.npmjs.org/@napi-rs/wasm-runtime/-/wasm-runtime-1.2.2.tgz",
      "integrity": "sha512-JfB4kuJQjaoHuCTseIINHtHWeJnvgEcxjwA5t/Y00ZgaOO1Crz3fjT/p8kT28zA/Caz7oiUMn3d6H2yOVCVwuw==",
      "license": "MIT",
      "optional": true,
      "dependencies": {
        "@tybys/wasm-util": "^0.10.3"
      },
      "engines": {
        "node": "^20.19.0 || ^22.13.0 || >=23.5.0"
      },
      "funding": {
        "type": "github",
        "url": "https://github.com/sponsors/Brooooooklyn"
      },
      "peerDependencies": {
        "@emnapi/core": "^1.7.1 || ^2.0.0-alpha.3",
        "@emnapi/runtime": "^1.7.1 || ^2.0.0-alpha.3"
      }
    },
    "node_modules/@oxc-parser/binding-android-arm-eabi": {
      "version": "0.142.0",
      "resolved": "https://registry.npmjs.org/@oxc-parser/binding-android-arm-eabi/-/binding-android-arm-eabi-0.142.0.tgz",
      "integrity": "sha512-ZiRGDutGsv1G6bL/ozy/koC0Sv39T1DqyoC4KD1DOy9ZoACm1O5UWhEK2c02Qdk+4lfLVkvFa/mQ0fm/4h1BtQ==",
      "cpu": [
        "arm"
      ],
      "license": "MIT",
      "optional": true,
      "os": [
        "android"
      ],
      "engines": {
        "node": "^20.19.0 || >=22.12.0"
      }
    },
    "node_modules/@oxc-parser/binding-android-arm64": {
      "version": "0.142.0",
      "resolved": "https://registry.npmjs.org/@oxc-parser/binding-android-arm64/-/binding-android-arm64-0.142.0.tgz",
      "integrity": "sha512-WZkvGRLNQTz8lR9zP5nLjUdlroRCopBu3g9zF1p/laE6DzT1UbQo8Rdz5MWhaJUPYg/6gp+jo7HUgsyKaN1FtQ==",
      "cpu": [
        "arm64"
      ],
      "license": "MIT",
      "optional": true,
      "os": [
        "android"
      ],
      "engines": {
        "node": "^20.19.0 || >=22.12.0"
      }
    },
    "node_modules/@oxc-parser/binding-darwin-arm64": {
      "version": "0.142.0",
      "resolved": "https://registry.npmjs.org/@oxc-parser/binding-darwin-arm64/-/binding-darwin-arm64-0.142.0.tgz",
      "integrity": "sha512-l4khS8LQOOVYsGRVARo1gSaCT/aBSceUVXgtovWc2+drnxVuDr082WA3OCHVdVzIz5JIrP/y9CWsSKxBDNmYGg==",
      "cpu": [
        "arm64"
      ],
      "license": "MIT",
      "optional": true,
      "os": [
        "darwin"
      ],
      "engines": {
        "node": "^20.19.0 || >=22.12.0"
      }
    },
    "node_modules/@oxc-parser/binding-darwin-x64": {
      "version": "0.142.0",
      "resolved": "https://registry.npmjs.org/@oxc-parser/binding-darwin-x64/-/binding-darwin-x64-0.142.0.tgz",
      "integrity": "sha512-QBsNF3nqlXmcH2B1YOPqQYmCJoy4HuIjUxGbBO/k5JAJUl68ghU2psRY2zPk+RyBaWqKP/qfL4oaFgEMCdwskA==",
      "cpu": [
        "x64"
      ],
      "license": "MIT",
      "optional": true,
      "os": [
        "darwin"
      ],
      "engines": {
        "node": "^20.19.0 || >=22.12.0"
      }
    },
    "node_modules/@oxc-parser/binding-freebsd-x64": {
      "version": "0.142.0",
      "resolved": "https://registry.npmjs.org/@oxc-parser/binding-freebsd-x64/-/binding-freebsd-x64-0.142.0.tgz",
      "integrity": "sha512-b7Q7m4Cqc6XqNhri3R+QhU+GVy646Pn+bkdhrDdWym/Fdi0ZUa+d73H9dm5H91JtbtAQ/z1d8XKMW3oOV8a4tQ==",
      "cpu": [
        "x64"
      ],
      "license": "MIT",
      "optional": true,
      "os": [
        "freebsd"
      ],
      "engines": {
        "node": "^20.19.0 || >=22.12.0"
      }
    },
    "node_modules/@oxc-parser/binding-linux-arm-gnueabihf": {
      "version": "0.142.0",
      "resolved": "https://registry.npmjs.org/@oxc-parser/binding-linux-arm-gnueabihf/-/binding-linux-arm-gnueabihf-0.142.0.tgz",
      "integrity": "sha512-3riVS5IhdH3uCZj1Y9ftDQlR0dvLsIlw/edrRqk8JhgNd5K0XSs+UBtgh50N13CAlW9/TXj6sVGXaKNBocd0Yg==",
      "cpu": [
        "arm"
      ],
      "license": "MIT",
      "optional": true,
      "os": [
        "linux"
      ],
      "engines": {
        "node": "^20.19.0 || >=22.12.0"
      }
    },
    "node_modules/@oxc-parser/binding-linux-arm-musleabihf": {
      "version": "0.142.0",
      "resolved": "https://registry.npmjs.org/@oxc-parser/binding-linux-arm-musleabihf/-/binding-linux-arm-musleabihf-0.142.0.tgz",
      "integrity": "sha512-NmXUOpgpTSkhl795TiXmWppTwmSJ92RC1qvD6e4XOF+slgmo3e6Ah+kEu+6AN8s7NAOEwqGmir58MgSQSWmBSA==",
      "cpu": [
        "arm"
      ],
      "license": "MIT",
      "optional": true,
      "os": [
        "linux"
      ],
      "engines": {
        "node": "^20.19.0 || >=22.12.0"
      }
    },
    "node_modules/@oxc-parser/binding-linux-arm64-gnu": {
      "version": "0.142.0",
      "resolved": "https://registry.npmjs.org/@oxc-parser/binding-linux-arm64-gnu/-/binding-linux-arm64-gnu-0.142.0.tgz",
      "integrity": "sha512-gc0EXsKtXgerujmU2Bql3u1L1HsSQ2774R83idq/FoNMPVV/RY/1ErFsvnit7KoiP/sLvzQixeUo4Ut0ic0wmw==",
      "cpu": [
        "arm64"
      ],
      "libc": [
        "glibc"
      ],
      "license": "MIT",
      "optional": true,
      "os": [
        "linux"
      ],
      "engines": {
        "node": "^20.19.0 || >=22.12.0"
      }
    },
    "node_modules/@oxc-parser/binding-linux-arm64-musl": {
      "version": "0.142.0",
      "resolved": "https://registry.npmjs.org/@oxc-parser/binding-linux-arm64-musl/-/binding-linux-arm64-musl-0.142.0.tgz",
      "integrity": "sha512-F2XvmWSE0uWpie+jHKKIFgdVOe9ypGhkEZxKx5DuW215K6cbAC274yYaPkcM7EqY4Df3Weyhpcz3lsURyH2LVg==",
      "cpu": [
        "arm64"
      ],
      "libc": [
        "musl"
      ],
      "license": "MIT",
      "optional": true,
      "os": [
        "linux"
      ],
      "engines": {
        "node": "^20.19.0 || >=22.12.0"
      }
    },
    "node_modules/@oxc-parser/binding-linux-ppc64-gnu": {
      "version": "0.142.0",
      "resolved": "https://registry.npmjs.org/@oxc-parser/binding-linux-ppc64-gnu/-/binding-linux-ppc64-gnu-0.142.0.tgz",
      "integrity": "sha512-wLMbT21U/QxknQsk+VvNF0b9D2/aGWhcaQQQ+VYlE8FwD5+GoWZIPPXNzyHmkYyhm0KB3itL+TBavjMatqNnYA==",
      "cpu": [
        "ppc64"
      ],
      "libc": [
        "glibc"
      ],
      "license": "MIT",
      "optional": true,
      "os": [
        "linux"
      ],
      "engines": {
        "node": "^20.19.0 || >=22.12.0"
      }
    },
    "node_modules/@oxc-parser/binding-linux-riscv64-gnu": {
      "version": "0.142.0",
      "resolved": "https://registry.npmjs.org/@oxc-parser/binding-linux-riscv64-gnu/-/binding-linux-riscv64-gnu-0.142.0.tgz",
      "integrity": "sha512-+G8F/4ckwT7FCJV4H2bt09xEzJbjNCfuL4Sp1AYNaFtFMVtgIGMuJlteT82U+K0UIZ/DzAR/LDlMFnEuajG7Kw==",
      "cpu": [
        "riscv64"
      ],
      "libc": [
        "glibc"
      ],
      "license": "MIT",
      "optional": true,
      "os": [
        "linux"
      ],
      "engines": {
        "node": "^20.19.0 || >=22.12.0"
      }
    },
    "node_modules/@oxc-parser/binding-linux-riscv64-musl": {
      "version": "0.142.0",
      "resolved": "https://registry.npmjs.org/@oxc-parser/binding-linux-riscv64-musl/-/binding-linux-riscv64-musl-0.142.0.tgz",
      "integrity": "sha512-hTsHtTLxMAfCo+rpF5K3qZJKW2NpPN/CHd4mYB3y7XlSdspHkd2gehDIofP64AacA9nWQw2tY3O7wR6UY8IVOA==",
      "cpu": [
        "riscv64"
      ],
      "libc": [
        "musl"
      ],
      "license": "MIT",
      "optional": true,
      "os": [
        "linux"
      ],
      "engines": {
        "node": "^20.19.0 || >=22.12.0"
      }
    },
    "node_modules/@oxc-parser/binding-linux-s390x-gnu": {
      "version": "0.142.0",
      "resolved": "https://registry.npmjs.org/@oxc-parser/binding-linux-s390x-gnu/-/binding-linux-s390x-gnu-0.142.0.tgz",
      "integrity": "sha512-6y7qYY3TCUDYjqswImdTGl92y+KA/80twALegQPN27kfY+bG7Ib1+L3jbmrCZQx6wrVnai9IPsEZp07I0hx7JQ==",
      "cpu": [
        "s390x"
      ],
      "libc": [
        "glibc"
      ],
      "license": "MIT",
      "optional": true,
      "os": [
        "linux"
      ],
      "engines": {
        "node": "^20.19.0 || >=22.12.0"
      }
    },
    "node_modules/@oxc-parser/binding-linux-x64-gnu": {
      "version": "0.142.0",
      "resolved": "https://registry.npmjs.org/@oxc-parser/binding-linux-x64-gnu/-/binding-linux-x64-gnu-0.142.0.tgz",
      "integrity": "sha512-i69kAWU+2LgoH5bR+zWiiu+UzAw7Oxkwv7COeJTeY19pn4e70nKQcr9Pm6cL2Z0Z54d+gl9qADlK/0yyuCPiBA==",
      "cpu": [
        "x64"
      ],
      "libc": [
        "glibc"
      ],
      "license": "MIT",
      "optional": true,
      "os": [
        "linux"
      ],
      "engines": {
        "node": "^20.19.0 || >=22.12.0"
      }
    },
    "node_modules/@oxc-parser/binding-linux-x64-musl": {
      "version": "0.142.0",
      "resolved": "https://registry.npmjs.org/@oxc-parser/binding-linux-x64-musl/-/binding-linux-x64-musl-0.142.0.tgz",
      "integrity": "sha512-4SQs678MmjYVrmhAgCWD4o0vpaFszXw9xLX5p2Z9MMFcltxiLkA88wQjh80YHjPrXtpyZ2CWI5m+1yNKM0m2Pw==",
      "cpu": [
        "x64"
      ],
      "libc": [
        "musl"
      ],
      "license": "MIT",
      "optional": true,
      "os": [
        "linux"
      ],
      "engines": {
        "node": "^20.19.0 || >=22.12.0"
      }
    },
    "node_modules/@oxc-parser/binding-openharmony-arm64": {
      "version": "0.142.0",
      "resolved": "https://registry.npmjs.org/@oxc-parser/binding-openharmony-arm64/-/binding-openharmony-arm64-0.142.0.tgz",
      "integrity": "sha512-YHpx9N7Ln3a++Tc8rv+H7mrK1zyJQOAwCFg8LZ3lTs1T5afGWeZrLPhPT9HLnIwSjCyJqPWVMIrMxbjcmBr2oQ==",
      "cpu": [
        "arm64"
      ],
      "license": "MIT",
      "optional": true,
      "os": [
        "openharmony"
      ],
      "engines": {
        "node": "^20.19.0 || >=22.12.0"
      }
    },
    "node_modules/@oxc-parser/binding-wasm32-wasi": {
      "version": "0.142.0",
      "resolved": "https://registry.npmjs.org/@oxc-parser/binding-wasm32-wasi/-/binding-wasm32-wasi-0.142.0.tgz",
      "integrity": "sha512-3pLDyY3+oogW73RM5uehNgAiR/Xfb7fvO2Q1Z1gIqZ2+50XDVQmBVlRkHXZTU4gKnQHpwETNsYQVsJ3joVB2iA==",
      "cpu": [
        "wasm32"
      ],
      "license": "MIT",
      "optional": true,
      "dependencies": {
        "@emnapi/core": "1.11.2",
        "@emnapi/runtime": "1.11.2",
        "@napi-rs/wasm-runtime": "^1.1.6"
      },
      "engines": {
        "node": "^20.19.0 || >=22.12.0"
      }
    },
    "node_modules/@oxc-parser/binding-win32-arm64-msvc": {
      "version": "0.142.0",
      "resolved": "https://registry.npmjs.org/@oxc-parser/binding-win32-arm64-msvc/-/binding-win32-arm64-msvc-0.142.0.tgz",
      "integrity": "sha512-Had/VeVY28Oyb0K+Q4FV8KCzoBycIh93oDK6pCbya9lkzdq+ikMHMgBubsdqqlybjJmQRawCQRrnBRHyQwYvcQ==",
      "cpu": [
        "arm64"
      ],
      "license": "MIT",
      "optional": true,
      "os": [
        "win32"
      ],
      "engines": {
        "node": "^20.19.0 || >=22.12.0"
      }
    },
    "node_modules/@oxc-parser/binding-win32-ia32-msvc": {
      "version": "0.142.0",
      "resolved": "https://registry.npmjs.org/@oxc-parser/binding-win32-ia32-msvc/-/binding-win32-ia32-msvc-0.142.0.tgz",
      "integrity": "sha512-GGi3+YphVHavvgs6gum2UXoNCqzHAmPt/nXkn8ZQZstV2Q1qZD1Mn8fz/nWrDkefHQtrG/+1/XrbMxsBTo6Svw==",
      "cpu": [
        "ia32"
      ],
      "license": "MIT",
      "optional": true,
      "os": [
        "win32"
      ],
      "engines": {
        "node": "^20.19.0 || >=22.12.0"
      }
    },
    "node_modules/@oxc-parser/binding-win32-x64-msvc": {
      "version": "0.142.0",
      "resolved": "https://registry.npmjs.org/@oxc-parser/binding-win32-x64-msvc/-/binding-win32-x64-msvc-0.142.0.tgz",
      "integrity": "sha512-Ny/Wv4Us1LGC/ljwNTp+Hx3r/pH15EFfeDF0p+n898gt+TtRd6C9SccHcuUhDiNTb8s5tt7jdeAMDRQZ4Vq6hg==",
      "cpu": [
        "x64"
      ],
      "license": "MIT",
      "optional": true,
      "os": [
        "win32"
      ],
      "engines": {
        "node": "^20.19.0 || >=22.12.0"
      }
    },
    "node_modules/@oxc-project/types": {
      "version": "0.142.0",
      "resolved": "https://registry.npmjs.org/@oxc-project/types/-/types-0.142.0.tgz",
      "integrity": "sha512-7W+2q5AKQVU36fkaryontrHn3YDt1RyUYXatw9i5H8ocYe2sPKSFB6eS8WNPeRKiN1qAWWZUPm7gwFzJGrccqQ==",
      "license": "MIT",
      "funding": {
        "url": "https://github.com/sponsors/Boshen"
      }
    },
    "node_modules/@oxlint/binding-android-arm-eabi": {
      "version": "1.76.0",
      "resolved": "https://registry.npmjs.org/@oxlint/binding-android-arm-eabi/-/binding-android-arm-eabi-1.76.0.tgz",
      "integrity": "sha512-ZHIE5Zt9AsPDcY4nOlofXt0YfneEeo+QrKMPcPzLf2Z6Q8VtV2W73d7SFJ920WUwyik783u/doKCs3KXdwG+7w==",
      "cpu": [
        "arm"
      ],
      "license": "MIT",
      "optional": true,
      "os": [
        "android"
      ],
      "engines": {
        "node": "^20.19.0 || >=22.12.0"
      }
    },
    "node_modules/@oxlint/binding-android-arm64": {
      "version": "1.76.0",
      "resolved": "https://registry.npmjs.org/@oxlint/binding-android-arm64/-/binding-android-arm64-1.76.0.tgz",
      "integrity": "sha512-shm/ngQilHK6bs+ElJWa4oHfNj5vL1Gl/iVEJldTQjpr0/67oSgr0KUpbmcnLig5Fo0v/l6j2567A7TOL89ONA==",
      "cpu": [
        "arm64"
      ],
      "license": "MIT",
      "optional": true,
      "os": [
        "android"
      ],
      "engines": {
        "node": "^20.19.0 || >=22.12.0"
      }
    },
    "node_modules/@oxlint/binding-darwin-arm64": {
      "version": "1.76.0",
      "resolved": "https://registry.npmjs.org/@oxlint/binding-darwin-arm64/-/binding-darwin-arm64-1.76.0.tgz",
      "integrity": "sha512-rvJmrAPKSQ9aWJ6wIS6CK2tJjwzfW0ApQH9qokq6sfDvmHwoyIHxHFMq7z7i7GiV6fdE6s8qvBqWKPTu8RmT6Q==",
      "cpu": [
        "arm64"
      ],
      "license": "MIT",
      "optional": true,
      "os": [
        "darwin"
      ],
      "engines": {
        "node": "^20.19.0 || >=22.12.0"
      }
    },
    "node_modules/@oxlint/binding-darwin-x64": {
      "version": "1.76.0",
      "resolved": "https://registry.npmjs.org/@oxlint/binding-darwin-x64/-/binding-darwin-x64-1.76.0.tgz",
      "integrity": "sha512-U/zYdb7VYKGY6pA9Vd2rYl9O/HlCylcOlb5PGPvVLtg+oLGsk6H3XGKEMHKyqD3nmmtmlmwb/8SwU2vfSAtvMw==",
      "cpu": [
        "x64"
      ],
      "license": "MIT",
      "optional": true,
      "os": [
        "darwin"
      ],
      "engines": {
        "node": "^20.19.0 || >=22.12.0"
      }
    },
    "node_modules/@oxlint/binding-freebsd-x64": {
      "version": "1.76.0",
      "resolved": "https://registry.npmjs.org/@oxlint/binding-freebsd-x64/-/binding-freebsd-x64-1.76.0.tgz",
      "integrity": "sha512-WvKG9CAriuo0XNiFzpXjDngUZcRGFNpaK2kLyMUsnJlShxkT96u+BpJQ3KqdQwGOrvI14L6V8bAwXwAYNNY6Jg==",
      "cpu": [
        "x64"
      ],
      "license": "MIT",
      "optional": true,
      "os": [
        "freebsd"
      ],
      "engines": {
        "node": "^20.19.0 || >=22.12.0"
      }
    },
    "node_modules/@oxlint/binding-linux-arm-gnueabihf": {
      "version": "1.76.0",
      "resolved": "https://registry.npmjs.org/@oxlint/binding-linux-arm-gnueabihf/-/binding-linux-arm-gnueabihf-1.76.0.tgz",
      "integrity": "sha512-qJ5+RH99TqFRq3UCDxkW0zJJu9c+OAHFY72vGlxZLEpuO+MpKo3POgqb8sYipL9KYm8XY6ofb0HsOuvY6hQNqQ==",
      "cpu": [
        "arm"
      ],
      "license": "MIT",
      "optional": true,
      "os": [
        "linux"
      ],
      "engines": {
        "node": "^20.19.0 || >=22.12.0"
      }
    },
    "node_modules/@oxlint/binding-linux-arm-musleabihf": {
      "version": "1.76.0",
      "resolved": "https://registry.npmjs.org/@oxlint/binding-linux-arm-musleabihf/-/binding-linux-arm-musleabihf-1.76.0.tgz",
      "integrity": "sha512-PvPCVptkgVARsucgIqFQQcSmJ6xc6GtnVB5bRBekRahTc9eObMtjHfMjy5M+C2tHt5UCMttWM9RuSk/H9NqYeg==",
      "cpu": [
        "arm"
      ],
      "license": "MIT",
      "optional": true,
      "os": [
        "linux"
      ],
      "engines": {
        "node": "^20.19.0 || >=22.12.0"
      }
    },
    "node_modules/@oxlint/binding-linux-arm64-gnu": {
      "version": "1.76.0",
      "resolved": "https://registry.npmjs.org/@oxlint/binding-linux-arm64-gnu/-/binding-linux-arm64-gnu-1.76.0.tgz",
      "integrity": "sha512-3KeFDx8Bu4HPAXbuHZOr/oHvN+QT+JQhMw/NYPz7Z071xLSsG27Jfh9PIQVEY7hk1I+jr43ExqRIeJ6VKk2yLw==",
      "cpu": [
        "arm64"
      ],
      "libc": [
        "glibc"
      ],
      "license": "MIT",
      "optional": true,
      "os": [
        "linux"
      ],
      "engines": {
        "node": "^20.19.0 || >=22.12.0"
      }
    },
    "node_modules/@oxlint/binding-linux-arm64-musl": {
      "version": "1.76.0",
      "resolved": "https://registry.npmjs.org/@oxlint/binding-linux-arm64-musl/-/binding-linux-arm64-musl-1.76.0.tgz",
      "integrity": "sha512-oPFkkKTgl0K/EIg9fQ8oA3IGcI05/Mq1en04iFa41mmNPT+6KEiByVazTOZZJiHMBBrbsns1YJ2e1Scqwzesjw==",
      "cpu": [
        "arm64"
      ],
      "libc": [
        "musl"
      ],
      "license": "MIT",
      "optional": true,
      "os": [
        "linux"
      ],
      "engines": {
        "node": "^20.19.0 || >=22.12.0"
      }
    },
    "node_modules/@oxlint/binding-linux-ppc64-gnu": {
      "version": "1.76.0",
      "resolved": "https://registry.npmjs.org/@oxlint/binding-linux-ppc64-gnu/-/binding-linux-ppc64-gnu-1.76.0.tgz",
      "integrity": "sha512-gN7yZ0eqflA5Fhf1wvHxGUltIV3FsvmB1zhNMDEK9vSHhc7E6qg9CuPeBgPZab66Tjzq6w6kHAtNEvnTHf4cyw==",
      "cpu": [
        "ppc64"
      ],
      "libc": [
        "glibc"
      ],
      "license": "MIT",
      "optional": true,
      "os": [
        "linux"
      ],
      "engines": {
        "node": "^20.19.0 || >=22.12.0"
      }
    },
    "node_modules/@oxlint/binding-linux-riscv64-gnu": {
      "version": "1.76.0",
      "resolved": "https://registry.npmjs.org/@oxlint/binding-linux-riscv64-gnu/-/binding-linux-riscv64-gnu-1.76.0.tgz",
      "integrity": "sha512-S/HqMbn22mQrjtErUxEoS/a55u8kIeXvreIxiJu5G7Le3UecEd6SQZxrDIpuhtgaFnsY/nVra3ytP+pRljDilA==",
      "cpu": [
        "riscv64"
      ],
      "libc": [
        "glibc"
      ],
      "license": "MIT",
      "optional": true,
      "os": [
        "linux"
      ],
      "engines": {
        "node": "^20.19.0 || >=22.12.0"
      }
    },
    "node_modules/@oxlint/binding-linux-riscv64-musl": {
      "version": "1.76.0",
      "resolved": "https://registry.npmjs.org/@oxlint/binding-linux-riscv64-musl/-/binding-linux-riscv64-musl-1.76.0.tgz",
      "integrity": "sha512-ZIga3097VJZolGZk6SrIAUokIGfRkxRlhiHDUznZptGBfwrhD7pNfD1rzEzsCwvk/1DX0A1bLz+liuNh5QKIVQ==",
      "cpu": [
        "riscv64"
      ],
      "libc": [
        "musl"
      ],
      "license": "MIT",
      "optional": true,
      "os": [
        "linux"
      ],
      "engines": {
        "node": "^20.19.0 || >=22.12.0"
      }
    },
    "node_modules/@oxlint/binding-linux-s390x-gnu": {
      "version": "1.76.0",
      "resolved": "https://registry.npmjs.org/@oxlint/binding-linux-s390x-gnu/-/binding-linux-s390x-gnu-1.76.0.tgz",
      "integrity": "sha512-ZGiiA7pFzMJSyMWYZTVlPgbTsx+Vl8ihLGMIujPwaslUF7kIPPWAbVmAlTc+9lWDV+DCiB8Ikixu+lSHeOIIWQ==",
      "cpu": [
        "s390x"
      ],
      "libc": [
        "glibc"
      ],
      "license": "MIT",
      "optional": true,
      "os": [
        "linux"
      ],
      "engines": {
        "node": "^20.19.0 || >=22.12.0"
      }
    },
    "node_modules/@oxlint/binding-linux-x64-gnu": {
      "version": "1.76.0",
      "resolved": "https://registry.npmjs.org/@oxlint/binding-linux-x64-gnu/-/binding-linux-x64-gnu-1.76.0.tgz",
      "integrity": "sha512-JLiy5WuvEBFTT6ErIFV35SLzi0R7Iri6MKU6dZbTxfIx8pndbbPs3Mj780nMipBFcPkti+okAPOJ9POKkHFEgg==",
      "cpu": [
        "x64"
      ],
      "libc": [
        "glibc"
      ],
      "license": "MIT",
      "optional": true,
      "os": [
        "linux"
      ],
      "engines": {
        "node": "^20.19.0 || >=22.12.0"
      }
    },
    "node_modules/@oxlint/binding-linux-x64-musl": {
      "version": "1.76.0",
      "resolved": "https://registry.npmjs.org/@oxlint/binding-linux-x64-musl/-/binding-linux-x64-musl-1.76.0.tgz",
      "integrity": "sha512-z7lgKQtbo/I1NIe8G5NHLesxJDv0tRSUWTpXKb9Pm3E9nKFKfO4IOSDtFroKgXtOYb0jQbcdH+0wzTyMXVes+A==",
      "cpu": [
        "x64"
      ],
      "libc": [
        "musl"
      ],
      "license": "MIT",
      "optional": true,
      "os": [
        "linux"
      ],
      "engines": {
        "node": "^20.19.0 || >=22.12.0"
      }
    },
    "node_modules/@oxlint/binding-openharmony-arm64": {
      "version": "1.76.0",
      "resolved": "https://registry.npmjs.org/@oxlint/binding-openharmony-arm64/-/binding-openharmony-arm64-1.76.0.tgz",
      "integrity": "sha512-JOjKymIpb9QcYfEhZsN6h4V9Ivd474W38cNIBRv6bg2TbIvogbMTH0Mg6YWW9TiRDqfcX+/Hyfsbo5vcSE5guQ==",
      "cpu": [
        "arm64"
      ],
      "license": "MIT",
      "optional": true,
      "os": [
        "openharmony"
      ],
      "engines": {
        "node": "^20.19.0 || >=22.12.0"
      }
    },
    "node_modules/@oxlint/binding-win32-arm64-msvc": {
      "version": "1.76.0",
      "resolved": "https://registry.npmjs.org/@oxlint/binding-win32-arm64-msvc/-/binding-win32-arm64-msvc-1.76.0.tgz",
      "integrity": "sha512-pqDWZiwcmByWUEm1NFUBNiT6aentCcaoMWJv0HbXEmuYermJ4sg8ppVrshubYP2MZ6SHccJJcpr6x469PuDFIw==",
      "cpu": [
        "arm64"
      ],
      "license": "MIT",
      "optional": true,
      "os": [
        "win32"
      ],
      "engines": {
        "node": "^20.19.0 || >=22.12.0"
      }
    },
    "node_modules/@oxlint/binding-win32-ia32-msvc": {
      "version": "1.76.0",
      "resolved": "https://registry.npmjs.org/@oxlint/binding-win32-ia32-msvc/-/binding-win32-ia32-msvc-1.76.0.tgz",
      "integrity": "sha512-Ba0O659kgMv6pwO3z9PdO+K3aMxQRaw9HnG+e6AtOfgwcKFvYilciQYBoUBmxfQvOCKZe1SwjMkuB542NkuDMQ==",
      "cpu": [
        "ia32"
      ],
      "license": "MIT",
      "optional": true,
      "os": [
        "win32"
      ],
      "engines": {
        "node": "^20.19.0 || >=22.12.0"
      }
    },
    "node_modules/@oxlint/binding-win32-x64-msvc": {
      "version": "1.76.0",
      "resolved": "https://registry.npmjs.org/@oxlint/binding-win32-x64-msvc/-/binding-win32-x64-msvc-1.76.0.tgz",
      "integrity": "sha512-5qcirPHO8nKfkoowEVWtpAoVTcYDy6g0UT0NGic450Qv8J2NrOqg4uQ8QppRP4MDTC7Xx47lbZnmadTH03CGGA==",
      "cpu": [
        "x64"
      ],
      "license": "MIT",
      "optional": true,
      "os": [
        "win32"
      ],
      "engines": {
        "node": "^20.19.0 || >=22.12.0"
      }
    },
    "node_modules/@tybys/wasm-util": {
      "version": "0.10.3",
      "resolved": "https://registry.npmjs.org/@tybys/wasm-util/-/wasm-util-0.10.3.tgz",
      "integrity": "sha512-F3fo1MYrRJYL3zER0OUOmkutjr1Vp23m7OsSgp7nq4SP6OqX6C/56XFIPAl5bt3zaBRjmW7SGz3u/6LwFpYcOg==",
      "license": "MIT",
      "optional": true,
      "dependencies": {
        "tslib": "^2.4.0"
      }
    },
    "node_modules/oxc-parser": {
      "version": "0.142.0",
      "resolved": "https://registry.npmjs.org/oxc-parser/-/oxc-parser-0.142.0.tgz",
      "integrity": "sha512-kKR+jPiRJYJDexVoziIg/FVGvr1fT1FZSSJOk6tVoMKKSlsf1Cso+cgGCJkOEDWOP174vRntCPFKg+AS7InWvw==",
      "license": "MIT",
      "dependencies": {
        "@oxc-project/types": "^0.142.0"
      },
      "engines": {
        "node": "^20.19.0 || >=22.12.0"
      },
      "funding": {
        "url": "https://github.com/sponsors/Boshen"
      },
      "optionalDependencies": {
        "@oxc-parser/binding-android-arm-eabi": "0.142.0",
        "@oxc-parser/binding-android-arm64": "0.142.0",
        "@oxc-parser/binding-darwin-arm64": "0.142.0",
        "@oxc-parser/binding-darwin-x64": "0.142.0",
        "@oxc-parser/binding-freebsd-x64": "0.142.0",
        "@oxc-parser/binding-linux-arm-gnueabihf": "0.142.0",
        "@oxc-parser/binding-linux-arm-musleabihf": "0.142.0",
        "@oxc-parser/binding-linux-arm64-gnu": "0.142.0",
        "@oxc-parser/binding-linux-arm64-musl": "0.142.0",
        "@oxc-parser/binding-linux-ppc64-gnu": "0.142.0",
        "@oxc-parser/binding-linux-riscv64-gnu": "0.142.0",
        "@oxc-parser/binding-linux-riscv64-musl": "0.142.0",
        "@oxc-parser/binding-linux-s390x-gnu": "0.142.0",
        "@oxc-parser/binding-linux-x64-gnu": "0.142.0",
        "@oxc-parser/binding-linux-x64-musl": "0.142.0",
        "@oxc-parser/binding-openharmony-arm64": "0.142.0",
        "@oxc-parser/binding-wasm32-wasi": "0.142.0",
        "@oxc-parser/binding-win32-arm64-msvc": "0.142.0",
        "@oxc-parser/binding-win32-ia32-msvc": "0.142.0",
        "@oxc-parser/binding-win32-x64-msvc": "0.142.0"
      }
    },
    "node_modules/oxlint": {
      "version": "1.76.0",
      "resolved": "https://registry.npmjs.org/oxlint/-/oxlint-1.76.0.tgz",
      "integrity": "sha512-6QoFioEU4fNdiUx/2Eo6TRd6NG7H7njnRCz8rhB66cZmMHDTqcm1Rjvl8Wry+ZTQMBAmyb4Mlf62Mk5X+eHSOw==",
      "license": "MIT",
      "bin": {
        "oxlint": "bin/oxlint"
      },
      "engines": {
        "node": "^20.19.0 || >=22.12.0"
      },
      "funding": {
        "url": "https://github.com/sponsors/Boshen"
      },
      "optionalDependencies": {
        "@oxlint/binding-android-arm-eabi": "1.76.0",
        "@oxlint/binding-android-arm64": "1.76.0",
        "@oxlint/binding-darwin-arm64": "1.76.0",
        "@oxlint/binding-darwin-x64": "1.76.0",
        "@oxlint/binding-freebsd-x64": "1.76.0",
        "@oxlint/binding-linux-arm-gnueabihf": "1.76.0",
        "@oxlint/binding-linux-arm-musleabihf": "1.76.0",
        "@oxlint/binding-linux-arm64-gnu": "1.76.0",
        "@oxlint/binding-linux-arm64-musl": "1.76.0",
        "@oxlint/binding-linux-ppc64-gnu": "1.76.0",
        "@oxlint/binding-linux-riscv64-gnu": "1.76.0",
        "@oxlint/binding-linux-riscv64-musl": "1.76.0",
        "@oxlint/binding-linux-s390x-gnu": "1.76.0",
        "@oxlint/binding-linux-x64-gnu": "1.76.0",
        "@oxlint/binding-linux-x64-musl": "1.76.0",
        "@oxlint/binding-openharmony-arm64": "1.76.0",
        "@oxlint/binding-win32-arm64-msvc": "1.76.0",
        "@oxlint/binding-win32-ia32-msvc": "1.76.0",
        "@oxlint/binding-win32-x64-msvc": "1.76.0"
      },
      "peerDependencies": {
        "oxlint-tsgolint": ">=7.0.2001",
        "vite-plus": "*"
      },
      "peerDependenciesMeta": {
        "oxlint-tsgolint": {
          "optional": true
        },
        "vite-plus": {
          "optional": true
        }
      }
    },
    "node_modules/tslib": {
      "version": "2.8.1",
      "resolved": "https://registry.npmjs.org/tslib/-/tslib-2.8.1.tgz",
      "integrity": "sha512-oJFu94HQb+KVduSUQL7wnpmqnfmLsOA/nAh6b6EH0wCEoK0/mPeXU6c3wKDV83MkOuHPRHtSXKKU99IBazS/2w==",
      "license": "0BSD",
      "optional": true
    }
  }
}
